// !$*UTF8*$!
{
	archiveVersion = 1;
	classes = {
	};
	objectVersion = 46;
	objects = {

/* Begin PBXBuildFile section */
		D4C302C01BCDF9510024F9BE /* main.m in Sources */ = {isa = PBXBuildFile; fileRef = D4C302BF1BCDF9510024F9BE /* main.m */; };
		D4C302C31BCDF9510024F9BE /* AppDelegate.m in Sources */ = {isa = PBXBuildFile; fileRef = D4C302C21BCDF9510024F9BE /* AppDelegate.m */; };
		D4C302C61BCDF9510024F9BE /* ViewController.m in Sources */ = {isa = PBXBuildFile; fileRef = D4C302C51BCDF9510024F9BE /* ViewController.m */; };
		D4C302C91BCDF9510024F9BE /* Main.storyboard in Resources */ = {isa = PBXBuildFile; fileRef = D4C302C71BCDF9510024F9BE /* Main.storyboard */; };
		D4C302CB1BCDF9510024F9BE /* Assets.xcassets in Resources */ = {isa = PBXBuildFile; fileRef = D4C302CA1BCDF9510024F9BE /* Assets.xcassets */; };
		D4C302CE1BCDF9510024F9BE /* LaunchScreen.storyboard in Resources */ = {isa = PBXBuildFile; fileRef = D4C302CC1BCDF9510024F9BE /* LaunchScreen.storyboard */; };
/* End PBXBuildFile section */

/* Begin PBXFileReference section */
		D4C302BB1BCDF9510024F9BE /* Attributor.app */ = {isa = PBXFileReference; explicitFileType = wrapper.application; includeInIndex = 0; path = Attributor.app; sourceTree = BUILT_PRODUCTS_DIR; };
		D4C302BF1BCDF9510024F9BE /* main.m */ = {isa = PBXFileReference; lastKnownFileType = sourcecode.c.objc; path = main.m; sourceTree = "<group>"; };
		D4C302C11BCDF9510024F9BE /* AppDelegate.h */ = {isa = PBXFileReference; lastKnownFileType = sourcecode.c.h; path = AppDelegate.h; sourceTree = "<group>"; };
		D4C302C21BCDF9510024F9BE /* AppDelegate.m */ = {isa = PBXFileReference; lastKnownFileType = sourcecode.c.objc; path = AppDelegate.m; sourceTree = "<group>"; };
		D4C302C41BCDF9510024F9BE /* ViewController.h */ = {isa = PBXFileReference; lastKnownFileType = sourcecode.c.h; path = ViewController.h; sourceTree = "<group>"; };
		D4C302C51BCDF9510024F9BE /* ViewController.m */ = {isa = PBXFileReference; lastKnownFileType = sourcecode.c.objc; path = ViewController.m; sourceTree = "<group>"; };
		D4C302C81BCDF9510024F9BE /* Base */ = {isa = PBXFileReference; lastKnownFileType = file.storyboard; name = Base; path = Base.lproj/Main.storyboard; sourceTree = "<group>"; };
		D4C302CA1BCDF9510024F9BE /* Assets.xcassets */ = {isa = PBXFileReference; lastKnownFileType = folder.assetcatalog; path = Assets.xcassets; sourceTree = "<group>"; };
		D4C302CD1BCDF9510024F9BE /* Base */ = {isa = PBXFileReference; lastKnownFileType = file.storyboard; name = Base; path = Base.lproj/LaunchScreen.storyboard; sourceTree = "<group>"; };
		D4C302CF1BCDF9510024F9BE /* Info.plist */ = {isa = PBXFileReference; lastKnownFileType = text.plist.xml; path = Info.plist; sourceTree = "<group>"; };
/* End PBXFileReference section */

/* Begin PBXFrameworksBuildPhase section */
		D4C302B81BCDF9510024F9BE /* Frameworks */ = {
			isa = PBXFrameworksBuildPhase;
			buildActionMask = 2147483647;
			files = (
			);
			runOnlyForDeploymentPostprocessing = 0;
		};
/* End PBXFrameworksBuildPhase section */

/* Begin PBXGroup section */
		D4C302B21BCDF9510024F9BE = {
			isa = PBXGroup;
			children = (
				D4C302BD1BCDF9510024F9BE /* Attributor */,
				D4C302BC1BCDF9510024F9BE /* Products */,
			);
			sourceTree = "<group>";
		};
		D4C302BC1BCDF9510024F9BE /* Products */ = {
			isa = PBXGroup;
			children = (
				D4C302BB1BCDF9510024F9BE /* Attributor.app */,
			);
			name = Products;
			sourceTree = "<group>";
		};
		D4C302BD1BCDF9510024F9BE /* Attributor */ = {
			isa = PBXGroup;
			children = (
				D4C302C41BCDF9510024F9BE /* ViewController.h */,
				D4C302C51BCDF9510024F9BE /* ViewController.m */,
				D4C302C71BCDF9510024F9BE /* Main.storyboard */,
				D4C302BE1BCDF9510024F9BE /* Supporting Files */,
			);
			path = Attributor;
			sourceTree = "<group>";
		};
		D4C302BE1BCDF9510024F9BE /* Supporting Files */ = {
			isa = PBXGroup;
			children = (
				D4C302CA1BCDF9510024F9BE /* Assets.xcassets */,
				D4C302CC1BCDF9510024F9BE /* LaunchScreen.storyboard */,
				D4C302CF1BCDF9510024F9BE /* Info.plist */,
				D4C302C11BCDF9510024F9BE /* AppDelegate.h */,
				D4C302C21BCDF9510024F9BE /* AppDelegate.m */,
				D4C302BF1BCDF9510024F9BE /* main.m */,
			);
			name = "Supporting Files";
			sourceTree = "<group>";
		};
/* End PBXGroup section */

/* Begin PBXNativeTarget section */
		D4C302BA1BCDF9510024F9BE /* Attributor */ = {
			isa = PBXNativeTarget;
			buildConfigurationList = D4C302D21BCDF9510024F9BE /* Build configuration list for PBXNativeTarget "Attributor" */;
			buildPhases = (
				D4C302B71BCDF9510024F9BE /* Sources */,
				D4C302B81BCDF9510024F9BE /* Frameworks */,
				D4C302B91BCDF9510024F9BE /* Resources */,
			);
			buildRules = (
			);
			dependencies = (
			);
			name = Attributor;
			productName = Attributor;
			productReference = D4C302BB1BCDF9510024F9BE /* Attributor.app */;
			productType = "com.apple.product-type.application";
		};
/* End PBXNativeTarget section */

/* Begin PBXProject section */
		D4C302B31BCDF9510024F9BE /* Project object */ = {
			isa = PBXProject;
			attributes = {
				LastUpgradeCheck = 0700;
				ORGANIZATIONNAME = Anta;
				TargetAttributes = {
					D4C302BA1BCDF9510024F9BE = {
						CreatedOnToolsVersion = 7.0.1;
					};
				};
			};
			buildConfigurationList = D4C302B61BCDF9510024F9BE /* Build configuration list for PBXProject "Attributor" */;
			compatibilityVersion = "Xcode 3.2";
			developmentRegion = English;
			hasScannedForEncodings = 0;
			knownRegions = (
				en,
				Base,
			);
			mainGroup = D4C302B21BCDF9510024F9BE;
			productRefGroup = D4C302BC1BCDF9510024F9BE /* Products */;
			projectDirPath = "";
			projectRoot = "";
			targets = (
				D4C302BA1BCDF9510024F9BE /* Attributor */,
			);
		};
/* End PBXProject section */

/* Begin PBXResourcesBuildPhase section */
		D4C302B91BCDF9510024F9BE /* Resources */ = {
			isa = PBXResourcesBuildPhase;
			buildActionMask = 2147483647;
			files = (
				D4C302CE1BCDF9510024F9BE /* LaunchScreen.storyboard in Resources */,
				D4C302CB1BCDF9510024F9BE /* Assets.xcassets in Resources */,
				D4C302C91BCDF9510024F9BE /* Main.storyboard in Resources */,
			);
			runOnlyForDeploymentPostprocessing = 0;
		};
/* End PBXResourcesBuildPhase section */

/* Begin PBXSourcesBuildPhase section */
		D4C302B71BCDF9510024F9BE /* Sources */ = {
			isa = PBXSourcesBuildPhase;
			buildActionMask = 2147483647;
			files = (
				D4C302C61BCDF9510024F9BE /* ViewController.m in Sources */,
				D4C302C31BCDF9510024F9BE /* AppDelegate.m in Sources */,
				D4C302C01BCDF9510024F9BE /* main.m in Sources */,
			);
			runOnlyForDeploymentPostprocessing = 0;
		};
/* End PBXSourcesBuildPhase section */

/* Begin PBXVariantGroup section */
		D4C302C71BCDF9510024F9BE /* Main.storyboard */ = {
			isa = PBXVariantGroup;
			children = (
				D4C302C81BCDF9510024F9BE /* Base */,
			);
			name = Main.storyboard;
			sourceTree = "<group>";
		};
		D4C302CC1BCDF9510024F9BE /* LaunchScreen.storyboard */ = {
			isa = PBXVariantGroup;
			children = (
				D4C302CD1BCDF9510024F9BE /* Base */,
			);
			name = LaunchScreen.storyboard;
			sourceTree = "<group>";
		};
/* End PBXVariantGroup section */

/* Begin XCBuildConfiguration section */
		D4C302D01BCDF9510024F9BE /* Debug */ = {
			isa = XCBuildConfiguration;
			buildSettings = {
				ALWAYS_SEARCH_USER_PATHS = NO;
				CLANG_CXX_LANGUAGE_STANDARD = "gnu++0x";
				CLANG_CXX_LIBRARY = "libc++";
				CLANG_ENABLE_MODULES = YES;
				CLANG_ENABLE_OBJC_ARC = YES;
				CLANG_WARN_BOOL_CONVERSION = YES;
				CLANG_WARN_CONSTANT_CONVERSION = YES;
				CLANG_WARN_DIRECT_OBJC_ISA_USAGE = YES_ERROR;
				CLANG_WARN_EMPTY_BODY = YES;
				CLANG_WARN_ENUM_CONVERSION = YES;
				CLANG_WARN_INT_CONVERSION = YES;
				CLANG_WARN_OBJC_ROOT_CLASS = YES_ERROR;
				CLANG_WARN_UNREACHABLE_CODE = YES;
				CLANG_WARN__DUPLICATE_METHOD_MATCH = YES;
				"CODE_SIGN_IDENTITY[sdk=iphoneos*]" = "iPhone Developer";
				COPY_PHASE_STRIP = NO;
				DEBUG_INFORMATION_FORMAT = dwarf;
				ENABLE_STRICT_OBJC_MSGSEND = YES;
				ENABLE_TESTABILITY = YES;
				GCC_C_LANGUAGE_STANDARD = gnu99;
				GCC_DYNAMIC_NO_PIC = NO;
				GCC_NO_COMMON_BLOCKS = YES;
				GCC_OPTIMIZATION_LEVEL = 0;
				GCC_PREPROCESSOR_DEFINITIONS = (
					"DEBUG=1",
					"$(inherited)",
				);
				GCC_WARN_64_TO_32_BIT_CONVERSION = YES;
				GCC_WARN_ABOUT_RETURN_TYPE = YES_ERROR;
				GCC_WARN_UNDECLARED_SELECTOR = YES;
				GCC_WARN_UNINITIALIZED_AUTOS = YES_AGGRESSIVE;
				GCC_WARN_UNUSED_FUNCTION = YES;
				GCC_WARN_UNUSED_VARIABLE = YES;
				IPHONEOS_DEPLOYMENT_TARGET = 9.0;
				MTL_ENABLE_DEBUG_INFO = YES;
				ONLY_ACTIVE_ARCH = YES;
				SDKROOT = iphoneos;
			};
			name = Debug;
		};
		D4C302D11BCDF9510024F9BE /* Release */ = {
			isa = XCBuildConfiguration;
			buildSettings = {
				ALWAYS_SEARCH_USER_PATHS = NO;
				CLANG_CXX_LANGUAGE_STANDARD = "gnu++0x";
				CLANG_CXX_LIBRARY = "libc++";
				CLANG_ENABLE_MODULES = YES;
				CLANG_ENABLE_OBJC_ARC = YES;
				CLANG_WARN_BOOL_CONVERSION = YES;
				CLANG_WARN_CONSTANT_CONVERSION = YES;
				CLANG_WARN_DIRECT_OBJC_ISA_USAGE = YES_ERROR;
				CLANG_WARN_EMPTY_BODY = YES;
				CLANG_WARN_ENUM_CONVERSION = YES;
				CLANG_WARN_INT_CONVERSION = YES;
				CLANG_WARN_OBJC_ROOT_CLASS = YES_ERROR;
				CLANG_WARN_UNREACHABLE_CODE = YES;
				CLANG_WARN__DUPLICATE_METHOD_MATCH = YES;
				"CODE_SIGN_IDENTITY[sdk=iphoneos*]" = "iPhone Developer";
				COPY_PHASE_STRIP = NO;
				DEBUG_INFORMATION_FORMAT = "dwarf-with-dsym";
				ENABLE_NS_ASSERTIONS = NO;
				ENABLE_STRICT_OBJC_MSGSEND = YES;
				GCC_C_LANGUAGE_STANDARD = gnu99;
				GCC_NO_COMMON_BLOCKS = YES;
				GCC_WARN_64_TO_32_BIT_CONVERSION = YES;
				GCC_WARN_ABOUT_RETURN_TYPE = YES_ERROR;
				GCC_WARN_UNDECLARED_SELECTOR = YES;
				GCC_WARN_UNINITIALIZED_AUTOS = YES_AGGRESSIVE;
				GCC_WARN_UNUSED_FUNCTION = YES;
				GCC_WARN_UNUSED_VARIABLE = YES;
				IPHONEOS_DEPLOYMENT_TARGET = 9.0;
				MTL_ENABLE_DEBUG_INFO = NO;
				SDKROOT = iphoneos;
				VALIDATE_PRODUCT = YES;
			};
			name = Release;
		};
		D4C302D31BCDF9510024F9BE /* Debug */ = {
			isa = XCBuildConfiguration;
			buildSettings = {
				ASSETCATALOG_COMPILER_APPICON_NAME = AppIcon;
				INFOPLIST_FILE = Attributor/Info.plist;
				LD_RUNPATH_SEARCH_PATHS = "$(inherited) @executable_path/Frameworks";
				PRODUCT_BUNDLE_IDENTIFIER = Anta.Joey.Attributor;
				PRODUCT_NAME = "$(TARGET_NAME)";
			};
			name = Debug;
		};
		D4C302D41BCDF9510024F9BE /* Release */ = {
			isa = XCBuildConfiguration;
			buildSettings = {
				ASSETCATALOG_COMPILER_APPICON_NAME = AppIcon;
				INFOPLIST_FILE = Attributor/Info.plist;
				LD_RUNPATH_SEARCH_PATHS = "$(inherited) @executable_path/Frameworks";
				PRODUCT_BUNDLE_IDENTIFIER = Anta.Joey.Attributor;
				PRODUCT_NAME = "$(TARGET_NAME)";
			};
			name = Release;
		};
/* End XCBuildConfiguration section */

/* Begin XCConfigurationList section */
		D4C302B61BCDF9510024F9BE /* Build configuration list for PBXProject "Attributor" */ = {
			isa = XCConfigurationList;
			buildConfigurations = (
				D4C302D01BCDF9510024F9BE /* Debug */,
				D4C302D11BCDF9510024F9BE /* Release */,
			);
			defaultConfigurationIsVisible = 0;
			defaultConfigurationName = Release;
		};
		D4C302D21BCDF9510024F9BE /* Build configuration list for PBXNativeTarget "Attributor" */ = {
			isa = XCConfigurationList;
			buildConfigurations = (
				D4C302D31BCDF9510024F9BE /* Debug */,
				D4C302D41BCDF9510024F9BE /* Release */,
			);
			defaultConfigurationIsVisible = 0;
			defaultConfigurationName = Release;
		};
/* End XCConfigurationList section */
	};
	rootObject = D4C302B31BCDF9510024F9BE /* Project object */;
}
